
Microsoft Visual Studio Solution File, Format Version 12.00
Project("{FAE04EC0-301F-11D3-BF4B-00C04F79EFBC}") = "worldssimplestdb.console", "worldssimplestdb.console\worldssimplestdb.console.csproj", "{7058E97C-AC58-459A-90B0-0797DC31DCDD}"
EndProject
Global
	GlobalSection(SolutionConfigurationPlatforms) = preSolution
		Debug|Any CPU = Debug|Any CPU
		Release|Any CPU = Release|Any CPU
	EndGlobalSection
	GlobalSection(ProjectConfigurationPlatforms) = postSolution
		{7058E97C-AC58-459A-90B0-0797DC31DCDD}.Debug|Any CPU.ActiveCfg = Debug|Any CPU
		{7058E97C-AC58-459A-90B0-0797DC31DCDD}.Debug|Any CPU.Build.0 = Debug|Any CPU
		{7058E97C-AC58-459A-90B0-0797DC31DCDD}.Release|Any CPU.ActiveCfg = Release|Any CPU
		{7058E97C-AC58-459A-90B0-0797DC31DCDD}.Release|Any CPU.Build.0 = Release|Any CPU
	EndGlobalSection
EndGlobal
